
Microsoft Visual Studio Solution File, Format Version 11.00
# Visual Studio 2010
Project("{D2ABAB84-BF74-430A-B69E-9DC6D40DDA17}") = "Chapter 07 Data Mining Descriptive Models", "Chapter 07 Data Mining Descriptive Models\Chapter 07 Data Mining Descriptive Models.dwproj", "{E0D35558-7657-4317-9299-E4E062362AE1}"
EndProject
Global
	GlobalSection(SolutionConfigurationPlatforms) = preSolution
		Development|Default = Development|Default
	EndGlobalSection
	GlobalSection(ProjectConfigurationPlatforms) = postSolution
		{E0D35558-7657-4317-9299-E4E062362AE1}.Development|Default.ActiveCfg = Development
		{E0D35558-7657-4317-9299-E4E062362AE1}.Development|Default.Build.0 = Development
		{E0D35558-7657-4317-9299-E4E062362AE1}.Development|Default.Deploy.0 = Development
	EndGlobalSection
	GlobalSection(SolutionProperties) = preSolution
		HideSolutionNode = FALSE
	EndGlobalSection
EndGlobal
